
Microsoft Visual Studio Solution File, Format Version 12.00
# Visual Studio Version 17
VisualStudioVersion = 17.7.34031.279
MinimumVisualStudioVersion = 10.0.40219.1
Project("{FAE04EC0-301F-11D3-BF4B-00C04F79EFBC}") = "ALg_LR6", "ALg_LR6\ALg_LR6.csproj", "{B80AF587-9B8F-4E7F-842D-D65AD40DFBEF}"
EndProject
Global
	GlobalSection(SolutionConfigurationPlatforms) = preSolution
		Debug|Any CPU = Debug|Any CPU
		Release|Any CPU = Release|Any CPU
	EndGlobalSection
	GlobalSection(ProjectConfigurationPlatforms) = postSolution
		{B80AF587-9B8F-4E7F-842D-D65AD40DFBEF}.Debug|Any CPU.ActiveCfg = Debug|Any CPU
		{B80AF587-9B8F-4E7F-842D-D65AD40DFBEF}.Debug|Any CPU.Build.0 = Debug|Any CPU
		{B80AF587-9B8F-4E7F-842D-D65AD40DFBEF}.Release|Any CPU.ActiveCfg = Release|Any CPU
		{B80AF587-9B8F-4E7F-842D-D65AD40DFBEF}.Release|Any CPU.Build.0 = Release|Any CPU
	EndGlobalSection
	GlobalSection(SolutionProperties) = preSolution
		HideSolutionNode = FALSE
	EndGlobalSection
	GlobalSection(ExtensibilityGlobals) = postSolution
		SolutionGuid = {76E451A1-A06F-422A-B437-644C07434A07}
	EndGlobalSection
EndGlobal
